
Microsoft Visual Studio Solution File, Format Version 12.00
# Visual Studio Version 16
VisualStudioVersion = 16.0.30621.155
MinimumVisualStudioVersion = 10.0.40219.1
Project("{FAE04EC0-301F-11D3-BF4B-00C04F79EFBC}") = "BarcodeApp", "BarcodeApp.csproj", "{773441D8-716E-4E4C-A125-E157B96AA2E4}"
EndProject
Project("{FAE04EC0-301F-11D3-BF4B-00C04F79EFBC}") = "TestDetails", "..\TestDetails\TestDetails.csproj", "{47C05C4F-2B65-4A83-AE74-778F0C251229}"
EndProject
Global
	GlobalSection(SolutionConfigurationPlatforms) = preSolution
		Debug|Any CPU = Debug|Any CPU
		Release|Any CPU = Release|Any CPU
	EndGlobalSection
	GlobalSection(ProjectConfigurationPlatforms) = postSolution
		{773441D8-716E-4E4C-A125-E157B96AA2E4}.Debug|Any CPU.ActiveCfg = Debug|Any CPU
		{773441D8-716E-4E4C-A125-E157B96AA2E4}.Debug|Any CPU.Build.0 = Debug|Any CPU
		{773441D8-716E-4E4C-A125-E157B96AA2E4}.Release|Any CPU.ActiveCfg = Release|Any CPU
		{773441D8-716E-4E4C-A125-E157B96AA2E4}.Release|Any CPU.Build.0 = Release|Any CPU
		{47C05C4F-2B65-4A83-AE74-778F0C251229}.Debug|Any CPU.ActiveCfg = Debug|Any CPU
		{47C05C4F-2B65-4A83-AE74-778F0C251229}.Debug|Any CPU.Build.0 = Debug|Any CPU
		{47C05C4F-2B65-4A83-AE74-778F0C251229}.Release|Any CPU.ActiveCfg = Release|Any CPU
		{47C05C4F-2B65-4A83-AE74-778F0C251229}.Release|Any CPU.Build.0 = Release|Any CPU
	EndGlobalSection
	GlobalSection(SolutionProperties) = preSolution
		HideSolutionNode = FALSE
	EndGlobalSection
	GlobalSection(ExtensibilityGlobals) = postSolution
		SolutionGuid = {2917E8FB-CF46-4A06-96C2-13DD65F02556}
	EndGlobalSection
EndGlobal
